// !$*UTF8*$!
{
	archiveVersion = 1;
	classes = {
	};
	objectVersion = 48;
	objects = {

/* Begin PBXBuildFile section */
		CA2DF44E1FF93D3000EC1FB2 /* AppDelegate.swift in Sources */ = {isa = PBXBuildFile; fileRef = CA2DF44D1FF93D3000EC1FB2 /* AppDelegate.swift */; };
		CA2DF4501FF93D3000EC1FB2 /* LoginViewController.swift in Sources */ = {isa = PBXBuildFile; fileRef = CA2DF44F1FF93D3000EC1FB2 /* LoginViewController.swift */; };
		CA2DF4531FF93D3000EC1FB2 /* Main.storyboard in Resources */ = {isa = PBXBuildFile; fileRef = CA2DF4511FF93D3000EC1FB2 /* Main.storyboard */; };
		CA2DF4551FF93D3000EC1FB2 /* Assets.xcassets in Resources */ = {isa = PBXBuildFile; fileRef = CA2DF4541FF93D3000EC1FB2 /* Assets.xcassets */; };
		CA2DF4581FF93D3000EC1FB2 /* LaunchScreen.storyboard in Resources */ = {isa = PBXBuildFile; fileRef = CA2DF4561FF93D3000EC1FB2 /* LaunchScreen.storyboard */; };
		CAE793451FF97EE800F46568 /* LoginViewController+TextField.swift in Sources */ = {isa = PBXBuildFile; fileRef = CAE793441FF97EE800F46568 /* LoginViewController+TextField.swift */; };
		CAE7934C1FF9891300F46568 /* UdacityClient.swift in Sources */ = {isa = PBXBuildFile; fileRef = CAE7934B1FF9891300F46568 /* UdacityClient.swift */; };
		CAE7934E1FF9895200F46568 /* UdacityConstants.swift in Sources */ = {isa = PBXBuildFile; fileRef = CAE7934D1FF9895200F46568 /* UdacityConstants.swift */; };
		CAE793501FFA9EAC00F46568 /* UdacityConvenience.swift in Sources */ = {isa = PBXBuildFile; fileRef = CAE7934F1FFA9EAC00F46568 /* UdacityConvenience.swift */; };
		CAE793521FFAA3CE00F46568 /* UdacityLoginResponse.swift in Sources */ = {isa = PBXBuildFile; fileRef = CAE793511FFAA3CE00F46568 /* UdacityLoginResponse.swift */; };
		CAE793541FFC65A900F46568 /* GCDBlackBox.swift in Sources */ = {isa = PBXBuildFile; fileRef = CAE793531FFC65A900F46568 /* GCDBlackBox.swift */; };
		CAE793591FFC752C00F46568 /* MapTabViewController.swift in Sources */ = {isa = PBXBuildFile; fileRef = CAE793581FFC752C00F46568 /* MapTabViewController.swift */; };
		CAE7935B1FFC77A300F46568 /* MainViewController.swift in Sources */ = {isa = PBXBuildFile; fileRef = CAE7935A1FFC77A300F46568 /* MainViewController.swift */; };
		CAE7935E1FFD2FAB00F46568 /* ParseClient.swift in Sources */ = {isa = PBXBuildFile; fileRef = CAE7935D1FFD2FAB00F46568 /* ParseClient.swift */; };
		CAE793601FFD323B00F46568 /* ParseConstants.swift in Sources */ = {isa = PBXBuildFile; fileRef = CAE7935F1FFD323B00F46568 /* ParseConstants.swift */; };
		CAE793621FFD341300F46568 /* BaseClient.swift in Sources */ = {isa = PBXBuildFile; fileRef = CAE793611FFD341300F46568 /* BaseClient.swift */; };
		CAE793641FFD3B0900F46568 /* ParseConvenience.swift in Sources */ = {isa = PBXBuildFile; fileRef = CAE793631FFD3B0900F46568 /* ParseConvenience.swift */; };
		CAE793661FFD3E5300F46568 /* ParseStudentLocation.swift in Sources */ = {isa = PBXBuildFile; fileRef = CAE793651FFD3E5300F46568 /* ParseStudentLocation.swift */; };
		CAE793681FFD410B00F46568 /* ParseStudentLocations.swift in Sources */ = {isa = PBXBuildFile; fileRef = CAE793671FFD410B00F46568 /* ParseStudentLocations.swift */; };
		CAE7936A1FFD454100F46568 /* OnTheMapAnnotation.swift in Sources */ = {isa = PBXBuildFile; fileRef = CAE793691FFD454100F46568 /* OnTheMapAnnotation.swift */; };
		CAE7936C1FFD4E4900F46568 /* RetrieveStudentLocationsDelegate.swift in Sources */ = {isa = PBXBuildFile; fileRef = CAE7936B1FFD4E4900F46568 /* RetrieveStudentLocationsDelegate.swift */; };
		CAE7936E1FFD540C00F46568 /* MapTabViewController+MapKit.swift in Sources */ = {isa = PBXBuildFile; fileRef = CAE7936D1FFD540C00F46568 /* MapTabViewController+MapKit.swift */; };
		CAE793701FFD636900F46568 /* TableTabViewController.swift in Sources */ = {isa = PBXBuildFile; fileRef = CAE7936F1FFD636900F46568 /* TableTabViewController.swift */; };
		CAE793721FFD63EB00F46568 /* TableTabViewController+TableView.swift in Sources */ = {isa = PBXBuildFile; fileRef = CAE793711FFD63EB00F46568 /* TableTabViewController+TableView.swift */; };
		CAE793771FFD747C00F46568 /* LoadingOverlay.swift in Sources */ = {isa = PBXBuildFile; fileRef = CAE793761FFD747C00F46568 /* LoadingOverlay.swift */; };
		CAE7937A1FFD786900F46568 /* FindLocationViewController.swift in Sources */ = {isa = PBXBuildFile; fileRef = CAE793791FFD786900F46568 /* FindLocationViewController.swift */; };
		CAE7937C1FFD81F100F46568 /* TextField+Utils.swift in Sources */ = {isa = PBXBuildFile; fileRef = CAE7937B1FFD81F100F46568 /* TextField+Utils.swift */; };
		CAE7937E1FFD834500F46568 /* UIViewController+Utils.swift in Sources */ = {isa = PBXBuildFile; fileRef = CAE7937D1FFD834500F46568 /* UIViewController+Utils.swift */; };
		CAE793801FFD92B200F46568 /* UdacityUserInformation.swift in Sources */ = {isa = PBXBuildFile; fileRef = CAE7937F1FFD92B200F46568 /* UdacityUserInformation.swift */; };
		CAE793821FFD94F100F46568 /* UdacityUserInformationResponse.swift in Sources */ = {isa = PBXBuildFile; fileRef = CAE793811FFD94F100F46568 /* UdacityUserInformationResponse.swift */; };
/* End PBXBuildFile section */

/* Begin PBXFileReference section */
		CA2DF44A1FF93D3000EC1FB2 /* On the map.app */ = {isa = PBXFileReference; explicitFileType = wrapper.application; includeInIndex = 0; path = "On the map.app"; sourceTree = BUILT_PRODUCTS_DIR; };
		CA2DF44D1FF93D3000EC1FB2 /* AppDelegate.swift */ = {isa = PBXFileReference; lastKnownFileType = sourcecode.swift; path = AppDelegate.swift; sourceTree = "<group>"; };
		CA2DF44F1FF93D3000EC1FB2 /* LoginViewController.swift */ = {isa = PBXFileReference; lastKnownFileType = sourcecode.swift; path = LoginViewController.swift; sourceTree = "<group>"; };
		CA2DF4521FF93D3000EC1FB2 /* Base */ = {isa = PBXFileReference; lastKnownFileType = file.storyboard; name = Base; path = Base.lproj/Main.storyboard; sourceTree = "<group>"; };
		CA2DF4541FF93D3000EC1FB2 /* Assets.xcassets */ = {isa = PBXFileReference; lastKnownFileType = folder.assetcatalog; path = Assets.xcassets; sourceTree = "<group>"; };
		CA2DF4571FF93D3000EC1FB2 /* Base */ = {isa = PBXFileReference; lastKnownFileType = file.storyboard; name = Base; path = Base.lproj/LaunchScreen.storyboard; sourceTree = "<group>"; };
		CA2DF4591FF93D3000EC1FB2 /* Info.plist */ = {isa = PBXFileReference; lastKnownFileType = text.plist.xml; path = Info.plist; sourceTree = "<group>"; };
		CAE793441FF97EE800F46568 /* LoginViewController+TextField.swift */ = {isa = PBXFileReference; lastKnownFileType = sourcecode.swift; path = "LoginViewController+TextField.swift"; sourceTree = "<group>"; };
		CAE7934B1FF9891300F46568 /* UdacityClient.swift */ = {isa = PBXFileReference; lastKnownFileType = sourcecode.swift; path = UdacityClient.swift; sourceTree = "<group>"; };
		CAE7934D1FF9895200F46568 /* UdacityConstants.swift */ = {isa = PBXFileReference; lastKnownFileType = sourcecode.swift; path = UdacityConstants.swift; sourceTree = "<group>"; };
		CAE7934F1FFA9EAC00F46568 /* UdacityConvenience.swift */ = {isa = PBXFileReference; lastKnownFileType = sourcecode.swift; path = UdacityConvenience.swift; sourceTree = "<group>"; };
		CAE793511FFAA3CE00F46568 /* UdacityLoginResponse.swift */ = {isa = PBXFileReference; lastKnownFileType = sourcecode.swift; path = UdacityLoginResponse.swift; sourceTree = "<group>"; };
		CAE793531FFC65A900F46568 /* GCDBlackBox.swift */ = {isa = PBXFileReference; lastKnownFileType = sourcecode.swift; path = GCDBlackBox.swift; sourceTree = "<group>"; };
		CAE793581FFC752C00F46568 /* MapTabViewController.swift */ = {isa = PBXFileReference; lastKnownFileType = sourcecode.swift; path = MapTabViewController.swift; sourceTree = "<group>"; };
		CAE7935A1FFC77A300F46568 /* MainViewController.swift */ = {isa = PBXFileReference; lastKnownFileType = sourcecode.swift; path = MainViewController.swift; sourceTree = "<group>"; };
		CAE7935D1FFD2FAB00F46568 /* ParseClient.swift */ = {isa = PBXFileReference; lastKnownFileType = sourcecode.swift; path = ParseClient.swift; sourceTree = "<group>"; };
		CAE7935F1FFD323B00F46568 /* ParseConstants.swift */ = {isa = PBXFileReference; lastKnownFileType = sourcecode.swift; path = ParseConstants.swift; sourceTree = "<group>"; };
		CAE793611FFD341300F46568 /* BaseClient.swift */ = {isa = PBXFileReference; lastKnownFileType = sourcecode.swift; path = BaseClient.swift; sourceTree = "<group>"; };
		CAE793631FFD3B0900F46568 /* ParseConvenience.swift */ = {isa = PBXFileReference; lastKnownFileType = sourcecode.swift; path = ParseConvenience.swift; sourceTree = "<group>"; };
		CAE793651FFD3E5300F46568 /* ParseStudentLocation.swift */ = {isa = PBXFileReference; lastKnownFileType = sourcecode.swift; path = ParseStudentLocation.swift; sourceTree = "<group>"; };
		CAE793671FFD410B00F46568 /* ParseStudentLocations.swift */ = {isa = PBXFileReference; lastKnownFileType = sourcecode.swift; path = ParseStudentLocations.swift; sourceTree = "<group>"; };
		CAE793691FFD454100F46568 /* OnTheMapAnnotation.swift */ = {isa = PBXFileReference; lastKnownFileType = sourcecode.swift; path = OnTheMapAnnotation.swift; sourceTree = "<group>"; };
		CAE7936B1FFD4E4900F46568 /* RetrieveStudentLocationsDelegate.swift */ = {isa = PBXFileReference; lastKnownFileType = sourcecode.swift; path = RetrieveStudentLocationsDelegate.swift; sourceTree = "<group>"; };
		CAE7936D1FFD540C00F46568 /* MapTabViewController+MapKit.swift */ = {isa = PBXFileReference; lastKnownFileType = sourcecode.swift; path = "MapTabViewController+MapKit.swift"; sourceTree = "<group>"; };
		CAE7936F1FFD636900F46568 /* TableTabViewController.swift */ = {isa = PBXFileReference; lastKnownFileType = sourcecode.swift; path = TableTabViewController.swift; sourceTree = "<group>"; };
		CAE793711FFD63EB00F46568 /* TableTabViewController+TableView.swift */ = {isa = PBXFileReference; lastKnownFileType = sourcecode.swift; path = "TableTabViewController+TableView.swift"; sourceTree = "<group>"; };
		CAE793761FFD747C00F46568 /* LoadingOverlay.swift */ = {isa = PBXFileReference; lastKnownFileType = sourcecode.swift; path = LoadingOverlay.swift; sourceTree = "<group>"; };
		CAE793791FFD786900F46568 /* FindLocationViewController.swift */ = {isa = PBXFileReference; lastKnownFileType = sourcecode.swift; path = FindLocationViewController.swift; sourceTree = "<group>"; };
		CAE7937B1FFD81F100F46568 /* TextField+Utils.swift */ = {isa = PBXFileReference; lastKnownFileType = sourcecode.swift; path = "TextField+Utils.swift"; sourceTree = "<group>"; };
		CAE7937D1FFD834500F46568 /* UIViewController+Utils.swift */ = {isa = PBXFileReference; lastKnownFileType = sourcecode.swift; path = "UIViewController+Utils.swift"; sourceTree = "<group>"; };
		CAE7937F1FFD92B200F46568 /* UdacityUserInformation.swift */ = {isa = PBXFileReference; lastKnownFileType = sourcecode.swift; path = UdacityUserInformation.swift; sourceTree = "<group>"; };
		CAE793811FFD94F100F46568 /* UdacityUserInformationResponse.swift */ = {isa = PBXFileReference; lastKnownFileType = sourcecode.swift; path = UdacityUserInformationResponse.swift; sourceTree = "<group>"; };
/* End PBXFileReference section */

/* Begin PBXFrameworksBuildPhase section */
		CA2DF4471FF93D3000EC1FB2 /* Frameworks */ = {
			isa = PBXFrameworksBuildPhase;
			buildActionMask = 2147483647;
			files = (
			);
			runOnlyForDeploymentPostprocessing = 0;
		};
/* End PBXFrameworksBuildPhase section */

/* Begin PBXGroup section */
		CA2DF4411FF93D3000EC1FB2 = {
			isa = PBXGroup;
			children = (
				CA2DF44C1FF93D3000EC1FB2 /* On the map */,
				CA2DF44B1FF93D3000EC1FB2 /* Products */,
			);
			sourceTree = "<group>";
		};
		CA2DF44B1FF93D3000EC1FB2 /* Products */ = {
			isa = PBXGroup;
			children = (
				CA2DF44A1FF93D3000EC1FB2 /* On the map.app */,
			);
			name = Products;
			sourceTree = "<group>";
		};
		CA2DF44C1FF93D3000EC1FB2 /* On the map */ = {
			isa = PBXGroup;
			children = (
				CAE793751FFD746B00F46568 /* View */,
				CAE793431FF97AD200F46568 /* Model */,
				CAE793421FF9791800F46568 /* Controller */,
				CA2DF44D1FF93D3000EC1FB2 /* AppDelegate.swift */,
				CA2DF4511FF93D3000EC1FB2 /* Main.storyboard */,
				CA2DF4541FF93D3000EC1FB2 /* Assets.xcassets */,
				CA2DF4561FF93D3000EC1FB2 /* LaunchScreen.storyboard */,
				CA2DF4591FF93D3000EC1FB2 /* Info.plist */,
				CAE793531FFC65A900F46568 /* GCDBlackBox.swift */,
			);
			path = "On the map";
			sourceTree = "<group>";
		};
		CAE793421FF9791800F46568 /* Controller */ = {
			isa = PBXGroup;
			children = (
				CAE793781FFD785600F46568 /* Location */,
				CAE793571FFC74FF00F46568 /* Main */,
				CAE793551FFC732400F46568 /* Login */,
				CAE7937B1FFD81F100F46568 /* TextField+Utils.swift */,
				CAE7937D1FFD834500F46568 /* UIViewController+Utils.swift */,
			);
			path = Controller;
			sourceTree = "<group>";
		};
		CAE793431FF97AD200F46568 /* Model */ = {
			isa = PBXGroup;
			children = (
				CAE7934A1FF987EA00F46568 /* Clients */,
				CAE793691FFD454100F46568 /* OnTheMapAnnotation.swift */,
			);
			path = Model;
			sourceTree = "<group>";
		};
		CAE793471FF981B400F46568 /* Udacity */ = {
			isa = PBXGroup;
			children = (
				CAE7934B1FF9891300F46568 /* UdacityClient.swift */,
				CAE7934D1FF9895200F46568 /* UdacityConstants.swift */,
				CAE7934F1FFA9EAC00F46568 /* UdacityConvenience.swift */,
				CAE793511FFAA3CE00F46568 /* UdacityLoginResponse.swift */,
				CAE7937F1FFD92B200F46568 /* UdacityUserInformation.swift */,
				CAE793811FFD94F100F46568 /* UdacityUserInformationResponse.swift */,
			);
			path = Udacity;
			sourceTree = "<group>";
		};
		CAE7934A1FF987EA00F46568 /* Clients */ = {
			isa = PBXGroup;
			children = (
				CAE7935C1FFD2E8300F46568 /* Parse */,
				CAE793471FF981B400F46568 /* Udacity */,
				CAE793611FFD341300F46568 /* BaseClient.swift */,
			);
			path = Clients;
			sourceTree = "<group>";
		};
		CAE793551FFC732400F46568 /* Login */ = {
			isa = PBXGroup;
			children = (
				CA2DF44F1FF93D3000EC1FB2 /* LoginViewController.swift */,
				CAE793441FF97EE800F46568 /* LoginViewController+TextField.swift */,
			);
			path = Login;
			sourceTree = "<group>";
		};
		CAE793571FFC74FF00F46568 /* Main */ = {
			isa = PBXGroup;
			children = (
				CAE793581FFC752C00F46568 /* MapTabViewController.swift */,
				CAE7935A1FFC77A300F46568 /* MainViewController.swift */,
				CAE7936B1FFD4E4900F46568 /* RetrieveStudentLocationsDelegate.swift */,
				CAE7936D1FFD540C00F46568 /* MapTabViewController+MapKit.swift */,
				CAE7936F1FFD636900F46568 /* TableTabViewController.swift */,
				CAE793711FFD63EB00F46568 /* TableTabViewController+TableView.swift */,
			);
			path = Main;
			sourceTree = "<group>";
		};
		CAE7935C1FFD2E8300F46568 /* Parse */ = {
			isa = PBXGroup;
			children = (
				CAE7935D1FFD2FAB00F46568 /* ParseClient.swift */,
				CAE7935F1FFD323B00F46568 /* ParseConstants.swift */,
				CAE793631FFD3B0900F46568 /* ParseConvenience.swift */,
				CAE793651FFD3E5300F46568 /* ParseStudentLocation.swift */,
				CAE793671FFD410B00F46568 /* ParseStudentLocations.swift */,
			);
			path = Parse;
			sourceTree = "<group>";
		};
		CAE793751FFD746B00F46568 /* View */ = {
			isa = PBXGroup;
			children = (
				CAE793761FFD747C00F46568 /* LoadingOverlay.swift */,
			);
			path = View;
			sourceTree = "<group>";
		};
		CAE793781FFD785600F46568 /* Location */ = {
			isa = PBXGroup;
			children = (
				CAE793791FFD786900F46568 /* FindLocationViewController.swift */,
			);
			path = Location;
			sourceTree = "<group>";
		};
/* End PBXGroup section */

/* Begin PBXNativeTarget section */
		CA2DF4491FF93D3000EC1FB2 /* On the map */ = {
			isa = PBXNativeTarget;
			buildConfigurationList = CA2DF45C1FF93D3000EC1FB2 /* Build configuration list for PBXNativeTarget "On the map" */;
			buildPhases = (
				CA2DF4461FF93D3000EC1FB2 /* Sources */,
				CA2DF4471FF93D3000EC1FB2 /* Frameworks */,
				CA2DF4481FF93D3000EC1FB2 /* Resources */,
			);
			buildRules = (
			);
			dependencies = (
			);
			name = "On the map";
			productName = "On the map";
			productReference = CA2DF44A1FF93D3000EC1FB2 /* On the map.app */;
			productType = "com.apple.product-type.application";
		};
/* End PBXNativeTarget section */

/* Begin PBXProject section */
		CA2DF4421FF93D3000EC1FB2 /* Project object */ = {
			isa = PBXProject;
			attributes = {
				LastSwiftUpdateCheck = 0920;
				LastUpgradeCheck = 0920;
				ORGANIZATIONNAME = "Heriberto Ureña Madrigal";
				TargetAttributes = {
					CA2DF4491FF93D3000EC1FB2 = {
						CreatedOnToolsVersion = 9.2;
						ProvisioningStyle = Automatic;
					};
				};
			};
			buildConfigurationList = CA2DF4451FF93D3000EC1FB2 /* Build configuration list for PBXProject "On the map" */;
			compatibilityVersion = "Xcode 8.0";
			developmentRegion = en;
			hasScannedForEncodings = 0;
			knownRegions = (
				en,
				Base,
			);
			mainGroup = CA2DF4411FF93D3000EC1FB2;
			productRefGroup = CA2DF44B1FF93D3000EC1FB2 /* Products */;
			projectDirPath = "";
			projectRoot = "";
			targets = (
				CA2DF4491FF93D3000EC1FB2 /* On the map */,
			);
		};
/* End PBXProject section */

/* Begin PBXResourcesBuildPhase section */
		CA2DF4481FF93D3000EC1FB2 /* Resources */ = {
			isa = PBXResourcesBuildPhase;
			buildActionMask = 2147483647;
			files = (
				CA2DF4581FF93D3000EC1FB2 /* LaunchScreen.storyboard in Resources */,
				CA2DF4551FF93D3000EC1FB2 /* Assets.xcassets in Resources */,
				CA2DF4531FF93D3000EC1FB2 /* Main.storyboard in Resources */,
			);
			runOnlyForDeploymentPostprocessing = 0;
		};
/* End PBXResourcesBuildPhase section */

/* Begin PBXSourcesBuildPhase section */
		CA2DF4461FF93D3000EC1FB2 /* Sources */ = {
			isa = PBXSourcesBuildPhase;
			buildActionMask = 2147483647;
			files = (
				CAE7937A1FFD786900F46568 /* FindLocationViewController.swift in Sources */,
				CAE7936E1FFD540C00F46568 /* MapTabViewController+MapKit.swift in Sources */,
				CAE793541FFC65A900F46568 /* GCDBlackBox.swift in Sources */,
				CAE793801FFD92B200F46568 /* UdacityUserInformation.swift in Sources */,
				CAE793641FFD3B0900F46568 /* ParseConvenience.swift in Sources */,
				CAE793591FFC752C00F46568 /* MapTabViewController.swift in Sources */,
				CAE7934C1FF9891300F46568 /* UdacityClient.swift in Sources */,
				CAE793681FFD410B00F46568 /* ParseStudentLocations.swift in Sources */,
				CAE793771FFD747C00F46568 /* LoadingOverlay.swift in Sources */,
				CAE7934E1FF9895200F46568 /* UdacityConstants.swift in Sources */,
				CAE7936A1FFD454100F46568 /* OnTheMapAnnotation.swift in Sources */,
				CA2DF4501FF93D3000EC1FB2 /* LoginViewController.swift in Sources */,
				CA2DF44E1FF93D3000EC1FB2 /* AppDelegate.swift in Sources */,
				CAE793621FFD341300F46568 /* BaseClient.swift in Sources */,
				CAE793721FFD63EB00F46568 /* TableTabViewController+TableView.swift in Sources */,
				CAE793451FF97EE800F46568 /* LoginViewController+TextField.swift in Sources */,
				CAE793821FFD94F100F46568 /* UdacityUserInformationResponse.swift in Sources */,
				CAE793661FFD3E5300F46568 /* ParseStudentLocation.swift in Sources */,
				CAE793521FFAA3CE00F46568 /* UdacityLoginResponse.swift in Sources */,
				CAE793501FFA9EAC00F46568 /* UdacityConvenience.swift in Sources */,
				CAE7935B1FFC77A300F46568 /* MainViewController.swift in Sources */,
				CAE7936C1FFD4E4900F46568 /* RetrieveStudentLocationsDelegate.swift in Sources */,
				CAE7937C1FFD81F100F46568 /* TextField+Utils.swift in Sources */,
				CAE793701FFD636900F46568 /* TableTabViewController.swift in Sources */,
				CAE7935E1FFD2FAB00F46568 /* ParseClient.swift in Sources */,
				CAE7937E1FFD834500F46568 /* UIViewController+Utils.swift in Sources */,
				CAE793601FFD323B00F46568 /* ParseConstants.swift in Sources */,
			);
			runOnlyForDeploymentPostprocessing = 0;
		};
/* End PBXSourcesBuildPhase section */

/* Begin PBXVariantGroup section */
		CA2DF4511FF93D3000EC1FB2 /* Main.storyboard */ = {
			isa = PBXVariantGroup;
			children = (
				CA2DF4521FF93D3000EC1FB2 /* Base */,
			);
			name = Main.storyboard;
			sourceTree = "<group>";
		};
		CA2DF4561FF93D3000EC1FB2 /* LaunchScreen.storyboard */ = {
			isa = PBXVariantGroup;
			children = (
				CA2DF4571FF93D3000EC1FB2 /* Base */,
			);
			name = LaunchScreen.storyboard;
			sourceTree = "<group>";
		};
/* End PBXVariantGroup section */

/* Begin XCBuildConfiguration section */
		CA2DF45A1FF93D3000EC1FB2 /* Debug */ = {
			isa = XCBuildConfiguration;
			buildSettings = {
				ALWAYS_SEARCH_USER_PATHS = NO;
				CLANG_ANALYZER_NONNULL = YES;
				CLANG_ANALYZER_NUMBER_OBJECT_CONVERSION = YES_AGGRESSIVE;
				CLANG_CXX_LANGUAGE_STANDARD = "gnu++14";
				CLANG_CXX_LIBRARY = "libc++";
				CLANG_ENABLE_MODULES = YES;
				CLANG_ENABLE_OBJC_ARC = YES;
				CLANG_WARN_BLOCK_CAPTURE_AUTORELEASING = YES;
				CLANG_WARN_BOOL_CONVERSION = YES;
				CLANG_WARN_COMMA = YES;
				CLANG_WARN_CONSTANT_CONVERSION = YES;
				CLANG_WARN_DIRECT_OBJC_ISA_USAGE = YES_ERROR;
				CLANG_WARN_DOCUMENTATION_COMMENTS = YES;
				CLANG_WARN_EMPTY_BODY = YES;
				CLANG_WARN_ENUM_CONVERSION = YES;
				CLANG_WARN_INFINITE_RECURSION = YES;
				CLANG_WARN_INT_CONVERSION = YES;
				CLANG_WARN_NON_LITERAL_NULL_CONVERSION = YES;
				CLANG_WARN_OBJC_LITERAL_CONVERSION = YES;
				CLANG_WARN_OBJC_ROOT_CLASS = YES_ERROR;
				CLANG_WARN_RANGE_LOOP_ANALYSIS = YES;
				CLANG_WARN_STRICT_PROTOTYPES = YES;
				CLANG_WARN_SUSPICIOUS_MOVE = YES;
				CLANG_WARN_UNGUARDED_AVAILABILITY = YES_AGGRESSIVE;
				CLANG_WARN_UNREACHABLE_CODE = YES;
				CLANG_WARN__DUPLICATE_METHOD_MATCH = YES;
				CODE_SIGN_IDENTITY = "iPhone Developer";
				COPY_PHASE_STRIP = NO;
				DEBUG_INFORMATION_FORMAT = dwarf;
				ENABLE_STRICT_OBJC_MSGSEND = YES;
				ENABLE_TESTABILITY = YES;
				GCC_C_LANGUAGE_STANDARD = gnu11;
				GCC_DYNAMIC_NO_PIC = NO;
				GCC_NO_COMMON_BLOCKS = YES;
				GCC_OPTIMIZATION_LEVEL = 0;
				GCC_PREPROCESSOR_DEFINITIONS = (
					"DEBUG=1",
					"$(inherited)",
				);
				GCC_WARN_64_TO_32_BIT_CONVERSION = YES;
				GCC_WARN_ABOUT_RETURN_TYPE = YES_ERROR;
				GCC_WARN_UNDECLARED_SELECTOR = YES;
				GCC_WARN_UNINITIALIZED_AUTOS = YES_AGGRESSIVE;
				GCC_WARN_UNUSED_FUNCTION = YES;
				GCC_WARN_UNUSED_VARIABLE = YES;
				IPHONEOS_DEPLOYMENT_TARGET = 11.2;
				MTL_ENABLE_DEBUG_INFO = YES;
				ONLY_ACTIVE_ARCH = YES;
				SDKROOT = iphoneos;
				SWIFT_ACTIVE_COMPILATION_CONDITIONS = DEBUG;
				SWIFT_OPTIMIZATION_LEVEL = "-Onone";
			};
			name = Debug;
		};
		CA2DF45B1FF93D3000EC1FB2 /* Release */ = {
			isa = XCBuildConfiguration;
			buildSettings = {
				ALWAYS_SEARCH_USER_PATHS = NO;
				CLANG_ANALYZER_NONNULL = YES;
				CLANG_ANALYZER_NUMBER_OBJECT_CONVERSION = YES_AGGRESSIVE;
				CLANG_CXX_LANGUAGE_STANDARD = "gnu++14";
				CLANG_CXX_LIBRARY = "libc++";
				CLANG_ENABLE_MODULES = YES;
				CLANG_ENABLE_OBJC_ARC = YES;
				CLANG_WARN_BLOCK_CAPTURE_AUTORELEASING = YES;
				CLANG_WARN_BOOL_CONVERSION = YES;
				CLANG_WARN_COMMA = YES;
				CLANG_WARN_CONSTANT_CONVERSION = YES;
				CLANG_WARN_DIRECT_OBJC_ISA_USAGE = YES_ERROR;
				CLANG_WARN_DOCUMENTATION_COMMENTS = YES;
				CLANG_WARN_EMPTY_BODY = YES;
				CLANG_WARN_ENUM_CONVERSION = YES;
				CLANG_WARN_INFINITE_RECURSION = YES;
				CLANG_WARN_INT_CONVERSION = YES;
				CLANG_WARN_NON_LITERAL_NULL_CONVERSION = YES;
				CLANG_WARN_OBJC_LITERAL_CONVERSION = YES;
				CLANG_WARN_OBJC_ROOT_CLASS = YES_ERROR;
				CLANG_WARN_RANGE_LOOP_ANALYSIS = YES;
				CLANG_WARN_STRICT_PROTOTYPES = YES;
				CLANG_WARN_SUSPICIOUS_MOVE = YES;
				CLANG_WARN_UNGUARDED_AVAILABILITY = YES_AGGRESSIVE;
				CLANG_WARN_UNREACHABLE_CODE = YES;
				CLANG_WARN__DUPLICATE_METHOD_MATCH = YES;
				CODE_SIGN_IDENTITY = "iPhone Developer";
				COPY_PHASE_STRIP = NO;
				DEBUG_INFORMATION_FORMAT = "dwarf-with-dsym";
				ENABLE_NS_ASSERTIONS = NO;
				ENABLE_STRICT_OBJC_MSGSEND = YES;
				GCC_C_LANGUAGE_STANDARD = gnu11;
				GCC_NO_COMMON_BLOCKS = YES;
				GCC_WARN_64_TO_32_BIT_CONVERSION = YES;
				GCC_WARN_ABOUT_RETURN_TYPE = YES_ERROR;
				GCC_WARN_UNDECLARED_SELECTOR = YES;
				GCC_WARN_UNINITIALIZED_AUTOS = YES_AGGRESSIVE;
				GCC_WARN_UNUSED_FUNCTION = YES;
				GCC_WARN_UNUSED_VARIABLE = YES;
				IPHONEOS_DEPLOYMENT_TARGET = 11.2;
				MTL_ENABLE_DEBUG_INFO = NO;
				SDKROOT = iphoneos;
				SWIFT_OPTIMIZATION_LEVEL = "-Owholemodule";
				VALIDATE_PRODUCT = YES;
			};
			name = Release;
		};
		CA2DF45D1FF93D3000EC1FB2 /* Debug */ = {
			isa = XCBuildConfiguration;
			buildSettings = {
				ASSETCATALOG_COMPILER_APPICON_NAME = AppIcon;
				CODE_SIGN_STYLE = Automatic;
				INFOPLIST_FILE = "On the map/Info.plist";
				LD_RUNPATH_SEARCH_PATHS = "$(inherited) @executable_path/Frameworks";
				PRODUCT_BUNDLE_IDENTIFIER = "com.logo17.On-the-map";
				PRODUCT_NAME = "$(TARGET_NAME)";
				SWIFT_VERSION = 4.0;
				TARGETED_DEVICE_FAMILY = "1,2";
			};
			name = Debug;
		};
		CA2DF45E1FF93D3000EC1FB2 /* Release */ = {
			isa = XCBuildConfiguration;
			buildSettings = {
				ASSETCATALOG_COMPILER_APPICON_NAME = AppIcon;
				CODE_SIGN_STYLE = Automatic;
				INFOPLIST_FILE = "On the map/Info.plist";
				LD_RUNPATH_SEARCH_PATHS = "$(inherited) @executable_path/Frameworks";
				PRODUCT_BUNDLE_IDENTIFIER = "com.logo17.On-the-map";
				PRODUCT_NAME = "$(TARGET_NAME)";
				SWIFT_VERSION = 4.0;
				TARGETED_DEVICE_FAMILY = "1,2";
			};
			name = Release;
		};
/* End XCBuildConfiguration section */

/* Begin XCConfigurationList section */
		CA2DF4451FF93D3000EC1FB2 /* Build configuration list for PBXProject "On the map" */ = {
			isa = XCConfigurationList;
			buildConfigurations = (
				CA2DF45A1FF93D3000EC1FB2 /* Debug */,
				CA2DF45B1FF93D3000EC1FB2 /* Release */,
			);
			defaultConfigurationIsVisible = 0;
			defaultConfigurationName = Release;
		};
		CA2DF45C1FF93D3000EC1FB2 /* Build configuration list for PBXNativeTarget "On the map" */ = {
			isa = XCConfigurationList;
			buildConfigurations = (
				CA2DF45D1FF93D3000EC1FB2 /* Debug */,
				CA2DF45E1FF93D3000EC1FB2 /* Release */,
			);
			defaultConfigurationIsVisible = 0;
			defaultConfigurationName = Release;
		};
/* End XCConfigurationList section */
	};
	rootObject = CA2DF4421FF93D3000EC1FB2 /* Project object */;
}
